
Microsoft Visual Studio Solution File, Format Version 12.00
# Visual Studio 15
VisualStudioVersion = 15.0.28307.902
MinimumVisualStudioVersion = 10.0.40219.1
Project("{FAE04EC0-301F-11D3-BF4B-00C04F79EFBC}") = "OwnSubstring", "OwnSubstring\OwnSubstring.csproj", "{C053D3D8-2905-4D6B-BDC4-664899E20713}"
EndProject
Global
	GlobalSection(SolutionConfigurationPlatforms) = preSolution
		Debug|Any CPU = Debug|Any CPU
		Release|Any CPU = Release|Any CPU
	EndGlobalSection
	GlobalSection(ProjectConfigurationPlatforms) = postSolution
		{C053D3D8-2905-4D6B-BDC4-664899E20713}.Debug|Any CPU.ActiveCfg = Debug|Any CPU
		{C053D3D8-2905-4D6B-BDC4-664899E20713}.Debug|Any CPU.Build.0 = Debug|Any CPU
		{C053D3D8-2905-4D6B-BDC4-664899E20713}.Release|Any CPU.ActiveCfg = Release|Any CPU
		{C053D3D8-2905-4D6B-BDC4-664899E20713}.Release|Any CPU.Build.0 = Release|Any CPU
	EndGlobalSection
	GlobalSection(SolutionProperties) = preSolution
		HideSolutionNode = FALSE
	EndGlobalSection
	GlobalSection(ExtensibilityGlobals) = postSolution
		SolutionGuid = {AE5634E4-3E42-45B9-82BA-EC09AE030686}
	EndGlobalSection
EndGlobal
